// !$*UTF8*$!
{
	archiveVersion = 1;
	classes = {
	};
	objectVersion = 46;
	objects = {

/* Begin PBXBuildFile section */
		A3E48E2C1A931C0A002D3A73 /* AppDelegate.swift in Sources */ = {isa = PBXBuildFile; fileRef = A3E48E2B1A931C0A002D3A73 /* AppDelegate.swift */; };
		A3E48E2E1A931C0A002D3A73 /* ViewController.swift in Sources */ = {isa = PBXBuildFile; fileRef = A3E48E2D1A931C0A002D3A73 /* ViewController.swift */; };
		A3E48E311A931C0A002D3A73 /* Main.storyboard in Resources */ = {isa = PBXBuildFile; fileRef = A3E48E2F1A931C0A002D3A73 /* Main.storyboard */; };
		A3E48E331A931C0A002D3A73 /* Images.xcassets in Resources */ = {isa = PBXBuildFile; fileRef = A3E48E321A931C0A002D3A73 /* Images.xcassets */; };
		A3E48E361A931C0A002D3A73 /* LaunchScreen.xib in Resources */ = {isa = PBXBuildFile; fileRef = A3E48E341A931C0A002D3A73 /* LaunchScreen.xib */; };
		A3E48E421A931C0B002D3A73 /* AdmobiOSSDK7Tests.swift in Sources */ = {isa = PBXBuildFile; fileRef = A3E48E411A931C0B002D3A73 /* AdmobiOSSDK7Tests.swift */; };
		A3E48E4C1A931C5B002D3A73 /* GoogleMobileAds.framework in Frameworks */ = {isa = PBXBuildFile; fileRef = A3E48E4B1A931C5B002D3A73 /* GoogleMobileAds.framework */; };
/* End PBXBuildFile section */

/* Begin PBXContainerItemProxy section */
		A3E48E3C1A931C0B002D3A73 /* PBXContainerItemProxy */ = {
			isa = PBXContainerItemProxy;
			containerPortal = A3E48E1E1A931C0A002D3A73 /* Project object */;
			proxyType = 1;
			remoteGlobalIDString = A3E48E251A931C0A002D3A73;
			remoteInfo = AdmobiOSSDK7;
		};
/* End PBXContainerItemProxy section */

/* Begin PBXFileReference section */
		A3E48E261A931C0A002D3A73 /* AdmobiOSSDK7.app */ = {isa = PBXFileReference; explicitFileType = wrapper.application; includeInIndex = 0; path = AdmobiOSSDK7.app; sourceTree = BUILT_PRODUCTS_DIR; };
		A3E48E2A1A931C0A002D3A73 /* Info.plist */ = {isa = PBXFileReference; lastKnownFileType = text.plist.xml; path = Info.plist; sourceTree = "<group>"; };
		A3E48E2B1A931C0A002D3A73 /* AppDelegate.swift */ = {isa = PBXFileReference; lastKnownFileType = sourcecode.swift; path = AppDelegate.swift; sourceTree = "<group>"; };
		A3E48E2D1A931C0A002D3A73 /* ViewController.swift */ = {isa = PBXFileReference; lastKnownFileType = sourcecode.swift; path = ViewController.swift; sourceTree = "<group>"; };
		A3E48E301A931C0A002D3A73 /* Base */ = {isa = PBXFileReference; lastKnownFileType = file.storyboard; name = Base; path = Base.lproj/Main.storyboard; sourceTree = "<group>"; };
		A3E48E321A931C0A002D3A73 /* Images.xcassets */ = {isa = PBXFileReference; lastKnownFileType = folder.assetcatalog; path = Images.xcassets; sourceTree = "<group>"; };
		A3E48E351A931C0A002D3A73 /* Base */ = {isa = PBXFileReference; lastKnownFileType = file.xib; name = Base; path = Base.lproj/LaunchScreen.xib; sourceTree = "<group>"; };
		A3E48E3B1A931C0B002D3A73 /* AdmobiOSSDK7Tests.xctest */ = {isa = PBXFileReference; explicitFileType = wrapper.cfbundle; includeInIndex = 0; path = AdmobiOSSDK7Tests.xctest; sourceTree = BUILT_PRODUCTS_DIR; };
		A3E48E401A931C0B002D3A73 /* Info.plist */ = {isa = PBXFileReference; lastKnownFileType = text.plist.xml; path = Info.plist; sourceTree = "<group>"; };
		A3E48E411A931C0B002D3A73 /* AdmobiOSSDK7Tests.swift */ = {isa = PBXFileReference; lastKnownFileType = sourcecode.swift; path = AdmobiOSSDK7Tests.swift; sourceTree = "<group>"; };
		A3E48E4B1A931C5B002D3A73 /* GoogleMobileAds.framework */ = {isa = PBXFileReference; lastKnownFileType = wrapper.framework; path = GoogleMobileAds.framework; sourceTree = "<group>"; };
/* End PBXFileReference section */

/* Begin PBXFrameworksBuildPhase section */
		A3E48E231A931C0A002D3A73 /* Frameworks */ = {
			isa = PBXFrameworksBuildPhase;
			buildActionMask = 2147483647;
			files = (
				A3E48E4C1A931C5B002D3A73 /* GoogleMobileAds.framework in Frameworks */,
			);
			runOnlyForDeploymentPostprocessing = 0;
		};
		A3E48E381A931C0B002D3A73 /* Frameworks */ = {
			isa = PBXFrameworksBuildPhase;
			buildActionMask = 2147483647;
			files = (
			);
			runOnlyForDeploymentPostprocessing = 0;
		};
/* End PBXFrameworksBuildPhase section */

/* Begin PBXGroup section */
		A3E48E1D1A931C0A002D3A73 = {
			isa = PBXGroup;
			children = (
				A3E48E4B1A931C5B002D3A73 /* GoogleMobileAds.framework */,
				A3E48E281A931C0A002D3A73 /* AdmobiOSSDK7 */,
				A3E48E3E1A931C0B002D3A73 /* AdmobiOSSDK7Tests */,
				A3E48E271A931C0A002D3A73 /* Products */,
			);
			sourceTree = "<group>";
		};
		A3E48E271A931C0A002D3A73 /* Products */ = {
			isa = PBXGroup;
			children = (
				A3E48E261A931C0A002D3A73 /* AdmobiOSSDK7.app */,
				A3E48E3B1A931C0B002D3A73 /* AdmobiOSSDK7Tests.xctest */,
			);
			name = Products;
			sourceTree = "<group>";
		};
		A3E48E281A931C0A002D3A73 /* AdmobiOSSDK7 */ = {
			isa = PBXGroup;
			children = (
				A3E48E2B1A931C0A002D3A73 /* AppDelegate.swift */,
				A3E48E2D1A931C0A002D3A73 /* ViewController.swift */,
				A3E48E2F1A931C0A002D3A73 /* Main.storyboard */,
				A3E48E321A931C0A002D3A73 /* Images.xcassets */,
				A3E48E341A931C0A002D3A73 /* LaunchScreen.xib */,
				A3E48E291A931C0A002D3A73 /* Supporting Files */,
			);
			path = AdmobiOSSDK7;
			sourceTree = "<group>";
		};
		A3E48E291A931C0A002D3A73 /* Supporting Files */ = {
			isa = PBXGroup;
			children = (
				A3E48E2A1A931C0A002D3A73 /* Info.plist */,
			);
			name = "Supporting Files";
			sourceTree = "<group>";
		};
		A3E48E3E1A931C0B002D3A73 /* AdmobiOSSDK7Tests */ = {
			isa = PBXGroup;
			children = (
				A3E48E411A931C0B002D3A73 /* AdmobiOSSDK7Tests.swift */,
				A3E48E3F1A931C0B002D3A73 /* Supporting Files */,
			);
			path = AdmobiOSSDK7Tests;
			sourceTree = "<group>";
		};
		A3E48E3F1A931C0B002D3A73 /* Supporting Files */ = {
			isa = PBXGroup;
			children = (
				A3E48E401A931C0B002D3A73 /* Info.plist */,
			);
			name = "Supporting Files";
			sourceTree = "<group>";
		};
/* End PBXGroup section */

/* Begin PBXNativeTarget section */
		A3E48E251A931C0A002D3A73 /* AdmobiOSSDK7 */ = {
			isa = PBXNativeTarget;
			buildConfigurationList = A3E48E451A931C0B002D3A73 /* Build configuration list for PBXNativeTarget "AdmobiOSSDK7" */;
			buildPhases = (
				A3E48E221A931C0A002D3A73 /* Sources */,
				A3E48E231A931C0A002D3A73 /* Frameworks */,
				A3E48E241A931C0A002D3A73 /* Resources */,
			);
			buildRules = (
			);
			dependencies = (
			);
			name = AdmobiOSSDK7;
			productName = AdmobiOSSDK7;
			productReference = A3E48E261A931C0A002D3A73 /* AdmobiOSSDK7.app */;
			productType = "com.apple.product-type.application";
		};
		A3E48E3A1A931C0B002D3A73 /* AdmobiOSSDK7Tests */ = {
			isa = PBXNativeTarget;
			buildConfigurationList = A3E48E481A931C0B002D3A73 /* Build configuration list for PBXNativeTarget "AdmobiOSSDK7Tests" */;
			buildPhases = (
				A3E48E371A931C0B002D3A73 /* Sources */,
				A3E48E381A931C0B002D3A73 /* Frameworks */,
				A3E48E391A931C0B002D3A73 /* Resources */,
			);
			buildRules = (
			);
			dependencies = (
				A3E48E3D1A931C0B002D3A73 /* PBXTargetDependency */,
			);
			name = AdmobiOSSDK7Tests;
			productName = AdmobiOSSDK7Tests;
			productReference = A3E48E3B1A931C0B002D3A73 /* AdmobiOSSDK7Tests.xctest */;
			productType = "com.apple.product-type.bundle.unit-test";
		};
/* End PBXNativeTarget section */

/* Begin PBXProject section */
		A3E48E1E1A931C0A002D3A73 /* Project object */ = {
			isa = PBXProject;
			attributes = {
				LastUpgradeCheck = 0610;
				ORGANIZATIONNAME = YS;
				TargetAttributes = {
					A3E48E251A931C0A002D3A73 = {
						CreatedOnToolsVersion = 6.1.1;
					};
					A3E48E3A1A931C0B002D3A73 = {
						CreatedOnToolsVersion = 6.1.1;
						TestTargetID = A3E48E251A931C0A002D3A73;
					};
				};
			};
			buildConfigurationList = A3E48E211A931C0A002D3A73 /* Build configuration list for PBXProject "AdmobiOSSDK7" */;
			compatibilityVersion = "Xcode 3.2";
			developmentRegion = English;
			hasScannedForEncodings = 0;
			knownRegions = (
				en,
				Base,
			);
			mainGroup = A3E48E1D1A931C0A002D3A73;
			productRefGroup = A3E48E271A931C0A002D3A73 /* Products */;
			projectDirPath = "";
			projectRoot = "";
			targets = (
				A3E48E251A931C0A002D3A73 /* AdmobiOSSDK7 */,
				A3E48E3A1A931C0B002D3A73 /* AdmobiOSSDK7Tests */,
			);
		};
/* End PBXProject section */

/* Begin PBXResourcesBuildPhase section */
		A3E48E241A931C0A002D3A73 /* Resources */ = {
			isa = PBXResourcesBuildPhase;
			buildActionMask = 2147483647;
			files = (
				A3E48E311A931C0A002D3A73 /* Main.storyboard in Resources */,
				A3E48E361A931C0A002D3A73 /* LaunchScreen.xib in Resources */,
				A3E48E331A931C0A002D3A73 /* Images.xcassets in Resources */,
			);
			runOnlyForDeploymentPostprocessing = 0;
		};
		A3E48E391A931C0B002D3A73 /* Resources */ = {
			isa = PBXResourcesBuildPhase;
			buildActionMask = 2147483647;
			files = (
			);
			runOnlyForDeploymentPostprocessing = 0;
		};
/* End PBXResourcesBuildPhase section */

/* Begin PBXSourcesBuildPhase section */
		A3E48E221A931C0A002D3A73 /* Sources */ = {
			isa = PBXSourcesBuildPhase;
			buildActionMask = 2147483647;
			files = (
				A3E48E2E1A931C0A002D3A73 /* ViewController.swift in Sources */,
				A3E48E2C1A931C0A002D3A73 /* AppDelegate.swift in Sources */,
			);
			runOnlyForDeploymentPostprocessing = 0;
		};
		A3E48E371A931C0B002D3A73 /* Sources */ = {
			isa = PBXSourcesBuildPhase;
			buildActionMask = 2147483647;
			files = (
				A3E48E421A931C0B002D3A73 /* AdmobiOSSDK7Tests.swift in Sources */,
			);
			runOnlyForDeploymentPostprocessing = 0;
		};
/* End PBXSourcesBuildPhase section */

/* Begin PBXTargetDependency section */
		A3E48E3D1A931C0B002D3A73 /* PBXTargetDependency */ = {
			isa = PBXTargetDependency;
			target = A3E48E251A931C0A002D3A73 /* AdmobiOSSDK7 */;
			targetProxy = A3E48E3C1A931C0B002D3A73 /* PBXContainerItemProxy */;
		};
/* End PBXTargetDependency section */

/* Begin PBXVariantGroup section */
		A3E48E2F1A931C0A002D3A73 /* Main.storyboard */ = {
			isa = PBXVariantGroup;
			children = (
				A3E48E301A931C0A002D3A73 /* Base */,
			);
			name = Main.storyboard;
			sourceTree = "<group>";
		};
		A3E48E341A931C0A002D3A73 /* LaunchScreen.xib */ = {
			isa = PBXVariantGroup;
			children = (
				A3E48E351A931C0A002D3A73 /* Base */,
			);
			name = LaunchScreen.xib;
			sourceTree = "<group>";
		};
/* End PBXVariantGroup section */

/* Begin XCBuildConfiguration section */
		A3E48E431A931C0B002D3A73 /* Debug */ = {
			isa = XCBuildConfiguration;
			buildSettings = {
				ALWAYS_SEARCH_USER_PATHS = NO;
				CLANG_CXX_LANGUAGE_STANDARD = "gnu++0x";
				CLANG_CXX_LIBRARY = "libc++";
				CLANG_ENABLE_MODULES = YES;
				CLANG_ENABLE_OBJC_ARC = YES;
				CLANG_WARN_BOOL_CONVERSION = YES;
				CLANG_WARN_CONSTANT_CONVERSION = YES;
				CLANG_WARN_DIRECT_OBJC_ISA_USAGE = YES_ERROR;
				CLANG_WARN_EMPTY_BODY = YES;
				CLANG_WARN_ENUM_CONVERSION = YES;
				CLANG_WARN_INT_CONVERSION = YES;
				CLANG_WARN_OBJC_ROOT_CLASS = YES_ERROR;
				CLANG_WARN_UNREACHABLE_CODE = YES;
				CLANG_WARN__DUPLICATE_METHOD_MATCH = YES;
				"CODE_SIGN_IDENTITY[sdk=iphoneos*]" = "iPhone Developer";
				COPY_PHASE_STRIP = NO;
				ENABLE_STRICT_OBJC_MSGSEND = YES;
				GCC_C_LANGUAGE_STANDARD = gnu99;
				GCC_DYNAMIC_NO_PIC = NO;
				GCC_OPTIMIZATION_LEVEL = 0;
				GCC_PREPROCESSOR_DEFINITIONS = (
					"DEBUG=1",
					"$(inherited)",
				);
				GCC_SYMBOLS_PRIVATE_EXTERN = NO;
				GCC_WARN_64_TO_32_BIT_CONVERSION = YES;
				GCC_WARN_ABOUT_RETURN_TYPE = YES_ERROR;
				GCC_WARN_UNDECLARED_SELECTOR = YES;
				GCC_WARN_UNINITIALIZED_AUTOS = YES_AGGRESSIVE;
				GCC_WARN_UNUSED_FUNCTION = YES;
				GCC_WARN_UNUSED_VARIABLE = YES;
				IPHONEOS_DEPLOYMENT_TARGET = 8.1;
				MTL_ENABLE_DEBUG_INFO = YES;
				ONLY_ACTIVE_ARCH = YES;
				SDKROOT = iphoneos;
				SWIFT_OPTIMIZATION_LEVEL = "-Onone";
			};
			name = Debug;
		};
		A3E48E441A931C0B002D3A73 /* Release */ = {
			isa = XCBuildConfiguration;
			buildSettings = {
				ALWAYS_SEARCH_USER_PATHS = NO;
				CLANG_CXX_LANGUAGE_STANDARD = "gnu++0x";
				CLANG_CXX_LIBRARY = "libc++";
				CLANG_ENABLE_MODULES = YES;
				CLANG_ENABLE_OBJC_ARC = YES;
				CLANG_WARN_BOOL_CONVERSION = YES;
				CLANG_WARN_CONSTANT_CONVERSION = YES;
				CLANG_WARN_DIRECT_OBJC_ISA_USAGE = YES_ERROR;
				CLANG_WARN_EMPTY_BODY = YES;
				CLANG_WARN_ENUM_CONVERSION = YES;
				CLANG_WARN_INT_CONVERSION = YES;
				CLANG_WARN_OBJC_ROOT_CLASS = YES_ERROR;
				CLANG_WARN_UNREACHABLE_CODE = YES;
				CLANG_WARN__DUPLICATE_METHOD_MATCH = YES;
				"CODE_SIGN_IDENTITY[sdk=iphoneos*]" = "iPhone Developer";
				COPY_PHASE_STRIP = YES;
				ENABLE_NS_ASSERTIONS = NO;
				ENABLE_STRICT_OBJC_MSGSEND = YES;
				GCC_C_LANGUAGE_STANDARD = gnu99;
				GCC_WARN_64_TO_32_BIT_CONVERSION = YES;
				GCC_WARN_ABOUT_RETURN_TYPE = YES_ERROR;
				GCC_WARN_UNDECLARED_SELECTOR = YES;
				GCC_WARN_UNINITIALIZED_AUTOS = YES_AGGRESSIVE;
				GCC_WARN_UNUSED_FUNCTION = YES;
				GCC_WARN_UNUSED_VARIABLE = YES;
				IPHONEOS_DEPLOYMENT_TARGET = 8.1;
				MTL_ENABLE_DEBUG_INFO = NO;
				SDKROOT = iphoneos;
				VALIDATE_PRODUCT = YES;
			};
			name = Release;
		};
		A3E48E461A931C0B002D3A73 /* Debug */ = {
			isa = XCBuildConfiguration;
			buildSettings = {
				ASSETCATALOG_COMPILER_APPICON_NAME = AppIcon;
				FRAMEWORK_SEARCH_PATHS = (
					"$(inherited)",
					"$(PROJECT_DIR)",
				);
				INFOPLIST_FILE = AdmobiOSSDK7/Info.plist;
				LD_RUNPATH_SEARCH_PATHS = "$(inherited) @executable_path/Frameworks";
				PRODUCT_NAME = "$(TARGET_NAME)";
			};
			name = Debug;
		};
		A3E48E471A931C0B002D3A73 /* Release */ = {
			isa = XCBuildConfiguration;
			buildSettings = {
				ASSETCATALOG_COMPILER_APPICON_NAME = AppIcon;
				FRAMEWORK_SEARCH_PATHS = (
					"$(inherited)",
					"$(PROJECT_DIR)",
				);
				INFOPLIST_FILE = AdmobiOSSDK7/Info.plist;
				LD_RUNPATH_SEARCH_PATHS = "$(inherited) @executable_path/Frameworks";
				PRODUCT_NAME = "$(TARGET_NAME)";
			};
			name = Release;
		};
		A3E48E491A931C0B002D3A73 /* Debug */ = {
			isa = XCBuildConfiguration;
			buildSettings = {
				BUNDLE_LOADER = "$(TEST_HOST)";
				FRAMEWORK_SEARCH_PATHS = (
					"$(SDKROOT)/Developer/Library/Frameworks",
					"$(inherited)",
				);
				GCC_PREPROCESSOR_DEFINITIONS = (
					"DEBUG=1",
					"$(inherited)",
				);
				INFOPLIST_FILE = AdmobiOSSDK7Tests/Info.plist;
				LD_RUNPATH_SEARCH_PATHS = "$(inherited) @executable_path/Frameworks @loader_path/Frameworks";
				PRODUCT_NAME = "$(TARGET_NAME)";
				TEST_HOST = "$(BUILT_PRODUCTS_DIR)/AdmobiOSSDK7.app/AdmobiOSSDK7";
			};
			name = Debug;
		};
		A3E48E4A1A931C0B002D3A73 /* Release */ = {
			isa = XCBuildConfiguration;
			buildSettings = {
				BUNDLE_LOADER = "$(TEST_HOST)";
				FRAMEWORK_SEARCH_PATHS = (
					"$(SDKROOT)/Developer/Library/Frameworks",
					"$(inherited)",
				);
				INFOPLIST_FILE = AdmobiOSSDK7Tests/Info.plist;
				LD_RUNPATH_SEARCH_PATHS = "$(inherited) @executable_path/Frameworks @loader_path/Frameworks";
				PRODUCT_NAME = "$(TARGET_NAME)";
				TEST_HOST = "$(BUILT_PRODUCTS_DIR)/AdmobiOSSDK7.app/AdmobiOSSDK7";
			};
			name = Release;
		};
/* End XCBuildConfiguration section */

/* Begin XCConfigurationList section */
		A3E48E211A931C0A002D3A73 /* Build configuration list for PBXProject "AdmobiOSSDK7" */ = {
			isa = XCConfigurationList;
			buildConfigurations = (
				A3E48E431A931C0B002D3A73 /* Debug */,
				A3E48E441A931C0B002D3A73 /* Release */,
			);
			defaultConfigurationIsVisible = 0;
			defaultConfigurationName = Release;
		};
		A3E48E451A931C0B002D3A73 /* Build configuration list for PBXNativeTarget "AdmobiOSSDK7" */ = {
			isa = XCConfigurationList;
			buildConfigurations = (
				A3E48E461A931C0B002D3A73 /* Debug */,
				A3E48E471A931C0B002D3A73 /* Release */,
			);
			defaultConfigurationIsVisible = 0;
		};
		A3E48E481A931C0B002D3A73 /* Build configuration list for PBXNativeTarget "AdmobiOSSDK7Tests" */ = {
			isa = XCConfigurationList;
			buildConfigurations = (
				A3E48E491A931C0B002D3A73 /* Debug */,
				A3E48E4A1A931C0B002D3A73 /* Release */,
			);
			defaultConfigurationIsVisible = 0;
		};
/* End XCConfigurationList section */
	};
	rootObject = A3E48E1E1A931C0A002D3A73 /* Project object */;
}
